{
    "name": "@tolkam/react-lazy-image",
    "version": "1.0.0",
    "lockfileVersion": 2,
    "requires": true,
    "packages": {
        "": {
            "name": "@tolkam/react-lazy-image",
            "version": "1.0.0",
            "license": "UNLICENSED",
            "dependencies": {
                "@tolkam/lib-utils": "file:D:/dev-packages/js/tolkam/lib-utils",
                "@tolkam/lib-utils-ui": "file:D:/dev-packages/js/tolkam/lib-utils-ui",
                "@tolkam/react-in-view": "file:D:/dev-packages/js/tolkam/react-in-view",
                "react": "^16.14"
            },
            "devDependencies": {
                "@types/react": "^16.4",
                "tslib": "^1.9.3"
            }
        },
        "../lib-in-view": {
            "name": "@tolkam/lib-in-view",
            "version": "1.0.0",
            "license": "UNLICENSED",
            "devDependencies": {
                "tslib": "^1.9.3"
            }
        },
        "../lib-in-view/node_modules/tslib": {
            "version": "1.9.3",
            "integrity": "sha512-4krF8scpejhaOgqzBEcGM7yDIEfi0/8+8zDRZhNZZ2kjmHJ4hv3zCbQWxoJGz1iw5U0Jl0nma13xzHXcncMavQ==",
            "dev": true
        },
        "../lib-raf": {
            "name": "@tolkam/lib-raf",
            "version": "1.0.0",
            "extraneous": true,
            "license": "UNLICENSED",
            "devDependencies": {
                "tslib": "^1.9.3"
            }
        },
        "../lib-utils": {
            "name": "@tolkam/lib-utils",
            "version": "1.0.0",
            "license": "UNLICENSED",
            "devDependencies": {
                "tslib": "^1.10.0"
            }
        },
        "../lib-utils-ui": {
            "name": "@tolkam/lib-utils-ui",
            "version": "1.0.0",
            "license": "UNLICENSED",
            "devDependencies": {
                "tslib": "^1.9.3"
            }
        },
        "../react-in-view": {
            "name": "@tolkam/react-in-view",
            "version": "1.0.0",
            "integrity": "sha1-ulQqiDq+6NgivoKD1wra98AK27o=",
            "license": "UNLICENSED",
            "dependencies": {
                "@tolkam/lib-in-view": "file:D:/dev-packages/js/tolkam/lib-in-view",
                "@tolkam/lib-utils-ui": "file:D:/dev-packages/js/tolkam/lib-utils-ui",
                "react": "^16.5"
            },
            "devDependencies": {
                "@types/react": "^16",
                "tslib": "^1.9.3"
            }
        },
        "../react-in-view/node_modules/@tolkam/lib-in-view": {
            "resolved": "../lib-in-view",
            "link": true
        },
        "../react-in-view/node_modules/@tolkam/lib-utils-ui": {
            "resolved": "../lib-utils-ui",
            "link": true
        },
        "../react-in-view/node_modules/@types/prop-types": {
            "version": "15.5.6",
            "integrity": "sha512-ZBFR7TROLVzCkswA3Fmqq+IIJt62/T7aY/Dmz+QkU7CaW2QFqAitCE8Ups7IzmGhcN1YWMBT4Qcoc07jU9hOJQ==",
            "dev": true
        },
        "../react-in-view/node_modules/@types/react": {
            "version": "16.4.18",
            "integrity": "sha512-eFzJKEg6pdeaukVLVZ8Xb79CTl/ysX+ExmOfAAqcFlCCK5TgFDD9kWR0S18sglQ3EmM8U+80enjUqbfnUyqpdA==",
            "dev": true,
            "dependencies": {
                "@types/prop-types": "*",
                "csstype": "^2.2.0"
            }
        },
        "../react-in-view/node_modules/csstype": {
            "version": "2.5.7",
            "integrity": "sha512-Nt5VDyOTIIV4/nRFswoCKps1R5CD1hkiyjBE9/thNaNZILLEviVw9yWQw15+O+CpNjQKB/uvdcxFFOrSflY3Yw==",
            "dev": true
        },
        "../react-in-view/node_modules/js-tokens": {
            "version": "4.0.0",
            "integrity": "sha512-RdJUflcE3cUzKiMqQgsCu06FPu9UdIJO0beYbPhHN4k6apgJtifcoCtT9bcxOpYBtpD2kCM6Sbzg4CausW/PKQ=="
        },
        "../react-in-view/node_modules/loose-envify": {
            "version": "1.4.0",
            "integrity": "sha512-lyuxPGr/Wfhrlem2CL/UcnUc1zcqKAImBDzukY7Y5F/yQiNdko6+fRLevlw1HgMySw7f611UIY408EtxRSoK3Q==",
            "dependencies": {
                "js-tokens": "^3.0.0 || ^4.0.0"
            },
            "bin": {
                "loose-envify": "cli.js"
            }
        },
        "../react-in-view/node_modules/object-assign": {
            "version": "4.1.1",
            "integrity": "sha1-IQmtx5ZYh8/AXLvUQsrIv7s2CGM=",
            "engines": {
                "node": ">=0.10.0"
            }
        },
        "../react-in-view/node_modules/prop-types": {
            "version": "15.6.2",
            "integrity": "sha512-3pboPvLiWD7dkI3qf3KbUe6hKFKa52w+AE0VCqECtf+QHAKgOL37tTaNCnuX1nAAQ4ZhyP+kYVKf8rLmJ/feDQ==",
            "dependencies": {
                "loose-envify": "^1.3.1",
                "object-assign": "^4.1.1"
            }
        },
        "../react-in-view/node_modules/react": {
            "version": "16.5.2",
            "integrity": "sha512-FDCSVd3DjVTmbEAjUNX6FgfAmQ+ypJfHUsqUJOYNCBUp1h8lqmtC+0mXJ+JjsWx4KAVTkk1vKd1hLQPvEviSuw==",
            "dependencies": {
                "loose-envify": "^1.1.0",
                "object-assign": "^4.1.1",
                "prop-types": "^15.6.2",
                "schedule": "^0.5.0"
            },
            "engines": {
                "node": ">=0.10.0"
            }
        },
        "../react-in-view/node_modules/schedule": {
            "version": "0.5.0",
            "integrity": "sha512-HUcJicG5Ou8xfR//c2rPT0lPIRR09vVvN81T9fqfVgBmhERUbDEQoYKjpBxbueJnCPpSu2ujXzOnRQt6x9o/jw==",
            "dependencies": {
                "object-assign": "^4.1.1"
            }
        },
        "../react-in-view/node_modules/tslib": {
            "version": "1.9.3",
            "integrity": "sha512-4krF8scpejhaOgqzBEcGM7yDIEfi0/8+8zDRZhNZZ2kjmHJ4hv3zCbQWxoJGz1iw5U0Jl0nma13xzHXcncMavQ==",
            "dev": true
        },
        "node_modules/@tolkam/lib-utils": {
            "resolved": "../lib-utils",
            "link": true
        },
        "node_modules/@tolkam/lib-utils-ui": {
            "resolved": "../lib-utils-ui",
            "link": true
        },
        "node_modules/@tolkam/react-in-view": {
            "resolved": "../react-in-view",
            "link": true
        },
        "node_modules/@types/prop-types": {
            "version": "15.5.6",
            "resolved": "https://registry.npmjs.org/@types/prop-types/-/prop-types-15.5.6.tgz",
            "integrity": "sha512-ZBFR7TROLVzCkswA3Fmqq+IIJt62/T7aY/Dmz+QkU7CaW2QFqAitCE8Ups7IzmGhcN1YWMBT4Qcoc07jU9hOJQ==",
            "dev": true
        },
        "node_modules/@types/react": {
            "version": "16.4.18",
            "resolved": "https://registry.npmjs.org/@types/react/-/react-16.4.18.tgz",
            "integrity": "sha512-eFzJKEg6pdeaukVLVZ8Xb79CTl/ysX+ExmOfAAqcFlCCK5TgFDD9kWR0S18sglQ3EmM8U+80enjUqbfnUyqpdA==",
            "dev": true,
            "dependencies": {
                "@types/prop-types": "*",
                "csstype": "^2.2.0"
            }
        },
        "node_modules/csstype": {
            "version": "2.5.7",
            "resolved": "https://registry.npmjs.org/csstype/-/csstype-2.5.7.tgz",
            "integrity": "sha512-Nt5VDyOTIIV4/nRFswoCKps1R5CD1hkiyjBE9/thNaNZILLEviVw9yWQw15+O+CpNjQKB/uvdcxFFOrSflY3Yw==",
            "dev": true
        },
        "node_modules/js-tokens": {
            "version": "4.0.0",
            "resolved": "https://registry.npmjs.org/js-tokens/-/js-tokens-4.0.0.tgz",
            "integrity": "sha512-RdJUflcE3cUzKiMqQgsCu06FPu9UdIJO0beYbPhHN4k6apgJtifcoCtT9bcxOpYBtpD2kCM6Sbzg4CausW/PKQ=="
        },
        "node_modules/loose-envify": {
            "version": "1.4.0",
            "resolved": "https://registry.npmjs.org/loose-envify/-/loose-envify-1.4.0.tgz",
            "integrity": "sha512-lyuxPGr/Wfhrlem2CL/UcnUc1zcqKAImBDzukY7Y5F/yQiNdko6+fRLevlw1HgMySw7f611UIY408EtxRSoK3Q==",
            "dependencies": {
                "js-tokens": "^3.0.0 || ^4.0.0"
            },
            "bin": {
                "loose-envify": "cli.js"
            }
        },
        "node_modules/object-assign": {
            "version": "4.1.1",
            "resolved": "https://registry.npmjs.org/object-assign/-/object-assign-4.1.1.tgz",
            "integrity": "sha1-IQmtx5ZYh8/AXLvUQsrIv7s2CGM=",
            "engines": {
                "node": ">=0.10.0"
            }
        },
        "node_modules/prop-types": {
            "version": "15.6.2",
            "resolved": "https://registry.npmjs.org/prop-types/-/prop-types-15.6.2.tgz",
            "integrity": "sha512-3pboPvLiWD7dkI3qf3KbUe6hKFKa52w+AE0VCqECtf+QHAKgOL37tTaNCnuX1nAAQ4ZhyP+kYVKf8rLmJ/feDQ==",
            "dependencies": {
                "loose-envify": "^1.3.1",
                "object-assign": "^4.1.1"
            }
        },
        "node_modules/react": {
            "version": "16.14.0",
            "resolved": "https://registry.npmjs.org/react/-/react-16.14.0.tgz",
            "integrity": "sha512-0X2CImDkJGApiAlcf0ODKIneSwBPhqJawOa5wCtKbu7ZECrmS26NvtSILynQ66cgkT/RJ4LidJOc3bUESwmU8g==",
            "dependencies": {
                "loose-envify": "^1.1.0",
                "object-assign": "^4.1.1",
                "prop-types": "^15.6.2"
            },
            "engines": {
                "node": ">=0.10.0"
            }
        },
        "node_modules/tslib": {
            "version": "1.9.3",
            "resolved": "https://registry.npmjs.org/tslib/-/tslib-1.9.3.tgz",
            "integrity": "sha512-4krF8scpejhaOgqzBEcGM7yDIEfi0/8+8zDRZhNZZ2kjmHJ4hv3zCbQWxoJGz1iw5U0Jl0nma13xzHXcncMavQ==",
            "dev": true
        }
    },
    "dependencies": {
        "@tolkam/lib-utils": {
            "version": "file:../lib-utils",
            "requires": {
                "tslib": "^1.10.0"
            }
        },
        "@tolkam/lib-utils-ui": {
            "version": "file:../lib-utils-ui",
            "requires": {
                "tslib": "^1.9.3"
            }
        },
        "@tolkam/react-in-view": {
            "version": "file:../react-in-view",
            "requires": {
                "@tolkam/lib-in-view": "file:../lib-in-view",
                "@tolkam/lib-utils-ui": "file:../lib-utils-ui",
                "@types/react": "^16",
                "react": "^16.5",
                "tslib": "^1.9.3"
            },
            "dependencies": {
                "@tolkam/lib-in-view": {
                    "version": "file:../lib-in-view",
                    "requires": {
                        "tslib": "^1.9.3"
                    },
                    "dependencies": {
                        "tslib": {
                            "version": "1.9.3",
                            "integrity": "sha512-4krF8scpejhaOgqzBEcGM7yDIEfi0/8+8zDRZhNZZ2kjmHJ4hv3zCbQWxoJGz1iw5U0Jl0nma13xzHXcncMavQ==",
                            "dev": true
                        }
                    }
                },
                "@tolkam/lib-utils-ui": {
                    "version": "file:../lib-utils-ui",
                    "requires": {
                        "tslib": "^1.9.3"
                    }
                },
                "@types/prop-types": {
                    "version": "15.5.6",
                    "integrity": "sha512-ZBFR7TROLVzCkswA3Fmqq+IIJt62/T7aY/Dmz+QkU7CaW2QFqAitCE8Ups7IzmGhcN1YWMBT4Qcoc07jU9hOJQ==",
                    "dev": true
                },
                "@types/react": {
                    "version": "16.4.18",
                    "integrity": "sha512-eFzJKEg6pdeaukVLVZ8Xb79CTl/ysX+ExmOfAAqcFlCCK5TgFDD9kWR0S18sglQ3EmM8U+80enjUqbfnUyqpdA==",
                    "dev": true,
                    "requires": {
                        "@types/prop-types": "*",
                        "csstype": "^2.2.0"
                    }
                },
                "csstype": {
                    "version": "2.5.7",
                    "integrity": "sha512-Nt5VDyOTIIV4/nRFswoCKps1R5CD1hkiyjBE9/thNaNZILLEviVw9yWQw15+O+CpNjQKB/uvdcxFFOrSflY3Yw==",
                    "dev": true
                },
                "js-tokens": {
                    "version": "4.0.0",
                    "integrity": "sha512-RdJUflcE3cUzKiMqQgsCu06FPu9UdIJO0beYbPhHN4k6apgJtifcoCtT9bcxOpYBtpD2kCM6Sbzg4CausW/PKQ=="
                },
                "loose-envify": {
                    "version": "1.4.0",
                    "integrity": "sha512-lyuxPGr/Wfhrlem2CL/UcnUc1zcqKAImBDzukY7Y5F/yQiNdko6+fRLevlw1HgMySw7f611UIY408EtxRSoK3Q==",
                    "requires": {
                        "js-tokens": "^3.0.0 || ^4.0.0"
                    }
                },
                "object-assign": {
                    "version": "4.1.1",
                    "integrity": "sha1-IQmtx5ZYh8/AXLvUQsrIv7s2CGM="
                },
                "prop-types": {
                    "version": "15.6.2",
                    "integrity": "sha512-3pboPvLiWD7dkI3qf3KbUe6hKFKa52w+AE0VCqECtf+QHAKgOL37tTaNCnuX1nAAQ4ZhyP+kYVKf8rLmJ/feDQ==",
                    "requires": {
                        "loose-envify": "^1.3.1",
                        "object-assign": "^4.1.1"
                    }
                },
                "react": {
                    "version": "16.5.2",
                    "integrity": "sha512-FDCSVd3DjVTmbEAjUNX6FgfAmQ+ypJfHUsqUJOYNCBUp1h8lqmtC+0mXJ+JjsWx4KAVTkk1vKd1hLQPvEviSuw==",
                    "requires": {
                        "loose-envify": "^1.1.0",
                        "object-assign": "^4.1.1",
                        "prop-types": "^15.6.2",
                        "schedule": "^0.5.0"
                    }
                },
                "schedule": {
                    "version": "0.5.0",
                    "integrity": "sha512-HUcJicG5Ou8xfR//c2rPT0lPIRR09vVvN81T9fqfVgBmhERUbDEQoYKjpBxbueJnCPpSu2ujXzOnRQt6x9o/jw==",
                    "requires": {
                        "object-assign": "^4.1.1"
                    }
                },
                "tslib": {
                    "version": "1.9.3",
                    "integrity": "sha512-4krF8scpejhaOgqzBEcGM7yDIEfi0/8+8zDRZhNZZ2kjmHJ4hv3zCbQWxoJGz1iw5U0Jl0nma13xzHXcncMavQ==",
                    "dev": true
                }
            }
        },
        "@types/prop-types": {
            "version": "15.5.6",
            "resolved": "https://registry.npmjs.org/@types/prop-types/-/prop-types-15.5.6.tgz",
            "integrity": "sha512-ZBFR7TROLVzCkswA3Fmqq+IIJt62/T7aY/Dmz+QkU7CaW2QFqAitCE8Ups7IzmGhcN1YWMBT4Qcoc07jU9hOJQ==",
            "dev": true
        },
        "@types/react": {
            "version": "16.4.18",
            "resolved": "https://registry.npmjs.org/@types/react/-/react-16.4.18.tgz",
            "integrity": "sha512-eFzJKEg6pdeaukVLVZ8Xb79CTl/ysX+ExmOfAAqcFlCCK5TgFDD9kWR0S18sglQ3EmM8U+80enjUqbfnUyqpdA==",
            "dev": true,
            "requires": {
                "@types/prop-types": "*",
                "csstype": "^2.2.0"
            }
        },
        "csstype": {
            "version": "2.5.7",
            "resolved": "https://registry.npmjs.org/csstype/-/csstype-2.5.7.tgz",
            "integrity": "sha512-Nt5VDyOTIIV4/nRFswoCKps1R5CD1hkiyjBE9/thNaNZILLEviVw9yWQw15+O+CpNjQKB/uvdcxFFOrSflY3Yw==",
            "dev": true
        },
        "js-tokens": {
            "version": "4.0.0",
            "resolved": "https://registry.npmjs.org/js-tokens/-/js-tokens-4.0.0.tgz",
            "integrity": "sha512-RdJUflcE3cUzKiMqQgsCu06FPu9UdIJO0beYbPhHN4k6apgJtifcoCtT9bcxOpYBtpD2kCM6Sbzg4CausW/PKQ=="
        },
        "loose-envify": {
            "version": "1.4.0",
            "resolved": "https://registry.npmjs.org/loose-envify/-/loose-envify-1.4.0.tgz",
            "integrity": "sha512-lyuxPGr/Wfhrlem2CL/UcnUc1zcqKAImBDzukY7Y5F/yQiNdko6+fRLevlw1HgMySw7f611UIY408EtxRSoK3Q==",
            "requires": {
                "js-tokens": "^3.0.0 || ^4.0.0"
            }
        },
        "object-assign": {
            "version": "4.1.1",
            "resolved": "https://registry.npmjs.org/object-assign/-/object-assign-4.1.1.tgz",
            "integrity": "sha1-IQmtx5ZYh8/AXLvUQsrIv7s2CGM="
        },
        "prop-types": {
            "version": "15.6.2",
            "resolved": "https://registry.npmjs.org/prop-types/-/prop-types-15.6.2.tgz",
            "integrity": "sha512-3pboPvLiWD7dkI3qf3KbUe6hKFKa52w+AE0VCqECtf+QHAKgOL37tTaNCnuX1nAAQ4ZhyP+kYVKf8rLmJ/feDQ==",
            "requires": {
                "loose-envify": "^1.3.1",
                "object-assign": "^4.1.1"
            }
        },
        "react": {
            "version": "16.14.0",
            "resolved": "https://registry.npmjs.org/react/-/react-16.14.0.tgz",
            "integrity": "sha512-0X2CImDkJGApiAlcf0ODKIneSwBPhqJawOa5wCtKbu7ZECrmS26NvtSILynQ66cgkT/RJ4LidJOc3bUESwmU8g==",
            "requires": {
                "loose-envify": "^1.1.0",
                "object-assign": "^4.1.1",
                "prop-types": "^15.6.2"
            }
        },
        "tslib": {
            "version": "1.9.3",
            "resolved": "https://registry.npmjs.org/tslib/-/tslib-1.9.3.tgz",
            "integrity": "sha512-4krF8scpejhaOgqzBEcGM7yDIEfi0/8+8zDRZhNZZ2kjmHJ4hv3zCbQWxoJGz1iw5U0Jl0nma13xzHXcncMavQ==",
            "dev": true
        }
    }
}
